
Microsoft Visual Studio Solution File, Format Version 12.00
Project("{FAE04EC0-301F-11D3-BF4B-00C04F79EFBC}") = "LightAndDarknessSpell", "LightAndDarknessSpell\LightAndDarknessSpell.csproj", "{F8B8E14A-10C5-4FD8-A085-CF9F5DD63E0C}"
EndProject
Global
	GlobalSection(SolutionConfigurationPlatforms) = preSolution
		Debug|Any CPU = Debug|Any CPU
		Release|Any CPU = Release|Any CPU
	EndGlobalSection
	GlobalSection(ProjectConfigurationPlatforms) = postSolution
		{F8B8E14A-10C5-4FD8-A085-CF9F5DD63E0C}.Debug|Any CPU.ActiveCfg = Debug|Any CPU
		{F8B8E14A-10C5-4FD8-A085-CF9F5DD63E0C}.Debug|Any CPU.Build.0 = Debug|Any CPU
		{F8B8E14A-10C5-4FD8-A085-CF9F5DD63E0C}.Release|Any CPU.ActiveCfg = Release|Any CPU
		{F8B8E14A-10C5-4FD8-A085-CF9F5DD63E0C}.Release|Any CPU.Build.0 = Release|Any CPU
	EndGlobalSection
EndGlobal
